
Microsoft Visual Studio Solution File, Format Version 12.00
# Visual Studio Version 17
VisualStudioVersion = 17.0.31903.59
MinimumVisualStudioVersion = 10.0.40219.1
Project("{2150E333-8FDC-42A3-9474-1A3956D46DE8}") = "src", "src", "{827E0CD3-B72D-47B6-A68D-7590B98EB39B}"
EndProject
Project("{FAE04EC0-301F-11D3-BF4B-00C04F79EFBC}") = "MissingNumberFinder.Contracts", "src\MissingNumberFinder.Contracts\MissingNumberFinder.Contracts.csproj", "{538D28B5-9D5B-482C-A668-6648D5F96D67}"
EndProject
Project("{FAE04EC0-301F-11D3-BF4B-00C04F79EFBC}") = "MissingNumberFinder.MissingNumberFinderSum", "src\MissingNumberFinder.MissingNumberFinderSum\MissingNumberFinder.MissingNumberFinderSum.csproj", "{F717E80F-C209-4433-BA08-4F37143C7500}"
EndProject
Project("{FAE04EC0-301F-11D3-BF4B-00C04F79EFBC}") = "MissingNumberFinder.MissingNumberFinderXor", "src\MissingNumberFinder.MissingNumberFinderXor\MissingNumberFinder.MissingNumberFinderXor.csproj", "{B2D5F678-3542-4ADD-80BC-CA43CD03E127}"
EndProject
Project("{FAE04EC0-301F-11D3-BF4B-00C04F79EFBC}") = "MissingNumberFinder.Cli", "src\MissingNumberFinder.Cli\MissingNumberFinder.Cli.csproj", "{B8EB8493-8406-4210-B611-271E17350DED}"
EndProject
Project("{2150E333-8FDC-42A3-9474-1A3956D46DE8}") = "test", "test", "{0C88DD14-F956-CE84-757C-A364CCF449FC}"
EndProject
Project("{FAE04EC0-301F-11D3-BF4B-00C04F79EFBC}") = "MissingNumberFinder.Tests", "test\MissingNumberFinder.Tests\MissingNumberFinder.Tests.csproj", "{90BD93D1-535F-48D2-A295-D33A7BE011E9}"
EndProject
Project("{FAE04EC0-301F-11D3-BF4B-00C04F79EFBC}") = "MissingNumberFinder.Validators", "src\MissingNumberFinder.Validators\MissingNumberFinder.Validators.csproj", "{85A90960-3C47-4545-978D-C5B6F01E5FC3}"
EndProject
Global
	GlobalSection(SolutionConfigurationPlatforms) = preSolution
		Debug|Any CPU = Debug|Any CPU
		Debug|x64 = Debug|x64
		Debug|x86 = Debug|x86
		Release|Any CPU = Release|Any CPU
		Release|x64 = Release|x64
		Release|x86 = Release|x86
	EndGlobalSection
	GlobalSection(ProjectConfigurationPlatforms) = postSolution
		{538D28B5-9D5B-482C-A668-6648D5F96D67}.Debug|Any CPU.ActiveCfg = Debug|Any CPU
		{538D28B5-9D5B-482C-A668-6648D5F96D67}.Debug|Any CPU.Build.0 = Debug|Any CPU
		{538D28B5-9D5B-482C-A668-6648D5F96D67}.Debug|x64.ActiveCfg = Debug|Any CPU
		{538D28B5-9D5B-482C-A668-6648D5F96D67}.Debug|x64.Build.0 = Debug|Any CPU
		{538D28B5-9D5B-482C-A668-6648D5F96D67}.Debug|x86.ActiveCfg = Debug|Any CPU
		{538D28B5-9D5B-482C-A668-6648D5F96D67}.Debug|x86.Build.0 = Debug|Any CPU
		{538D28B5-9D5B-482C-A668-6648D5F96D67}.Release|Any CPU.ActiveCfg = Release|Any CPU
		{538D28B5-9D5B-482C-A668-6648D5F96D67}.Release|Any CPU.Build.0 = Release|Any CPU
		{538D28B5-9D5B-482C-A668-6648D5F96D67}.Release|x64.ActiveCfg = Release|Any CPU
		{538D28B5-9D5B-482C-A668-6648D5F96D67}.Release|x64.Build.0 = Release|Any CPU
		{538D28B5-9D5B-482C-A668-6648D5F96D67}.Release|x86.ActiveCfg = Release|Any CPU
		{538D28B5-9D5B-482C-A668-6648D5F96D67}.Release|x86.Build.0 = Release|Any CPU
		{F717E80F-C209-4433-BA08-4F37143C7500}.Debug|Any CPU.ActiveCfg = Debug|Any CPU
		{F717E80F-C209-4433-BA08-4F37143C7500}.Debug|Any CPU.Build.0 = Debug|Any CPU
		{F717E80F-C209-4433-BA08-4F37143C7500}.Debug|x64.ActiveCfg = Debug|Any CPU
		{F717E80F-C209-4433-BA08-4F37143C7500}.Debug|x64.Build.0 = Debug|Any CPU
		{F717E80F-C209-4433-BA08-4F37143C7500}.Debug|x86.ActiveCfg = Debug|Any CPU
		{F717E80F-C209-4433-BA08-4F37143C7500}.Debug|x86.Build.0 = Debug|Any CPU
		{F717E80F-C209-4433-BA08-4F37143C7500}.Release|Any CPU.ActiveCfg = Release|Any CPU
		{F717E80F-C209-4433-BA08-4F37143C7500}.Release|Any CPU.Build.0 = Release|Any CPU
		{F717E80F-C209-4433-BA08-4F37143C7500}.Release|x64.ActiveCfg = Release|Any CPU
		{F717E80F-C209-4433-BA08-4F37143C7500}.Release|x64.Build.0 = Release|Any CPU
		{F717E80F-C209-4433-BA08-4F37143C7500}.Release|x86.ActiveCfg = Release|Any CPU
		{F717E80F-C209-4433-BA08-4F37143C7500}.Release|x86.Build.0 = Release|Any CPU
		{B2D5F678-3542-4ADD-80BC-CA43CD03E127}.Debug|Any CPU.ActiveCfg = Debug|Any CPU
		{B2D5F678-3542-4ADD-80BC-CA43CD03E127}.Debug|Any CPU.Build.0 = Debug|Any CPU
		{B2D5F678-3542-4ADD-80BC-CA43CD03E127}.Debug|x64.ActiveCfg = Debug|Any CPU
		{B2D5F678-3542-4ADD-80BC-CA43CD03E127}.Debug|x64.Build.0 = Debug|Any CPU
		{B2D5F678-3542-4ADD-80BC-CA43CD03E127}.Debug|x86.ActiveCfg = Debug|Any CPU
		{B2D5F678-3542-4ADD-80BC-CA43CD03E127}.Debug|x86.Build.0 = Debug|Any CPU
		{B2D5F678-3542-4ADD-80BC-CA43CD03E127}.Release|Any CPU.ActiveCfg = Release|Any CPU
		{B2D5F678-3542-4ADD-80BC-CA43CD03E127}.Release|Any CPU.Build.0 = Release|Any CPU
		{B2D5F678-3542-4ADD-80BC-CA43CD03E127}.Release|x64.ActiveCfg = Release|Any CPU
		{B2D5F678-3542-4ADD-80BC-CA43CD03E127}.Release|x64.Build.0 = Release|Any CPU
		{B2D5F678-3542-4ADD-80BC-CA43CD03E127}.Release|x86.ActiveCfg = Release|Any CPU
		{B2D5F678-3542-4ADD-80BC-CA43CD03E127}.Release|x86.Build.0 = Release|Any CPU
		{B8EB8493-8406-4210-B611-271E17350DED}.Debug|Any CPU.ActiveCfg = Debug|Any CPU
		{B8EB8493-8406-4210-B611-271E17350DED}.Debug|Any CPU.Build.0 = Debug|Any CPU
		{B8EB8493-8406-4210-B611-271E17350DED}.Debug|x64.ActiveCfg = Debug|Any CPU
		{B8EB8493-8406-4210-B611-271E17350DED}.Debug|x64.Build.0 = Debug|Any CPU
		{B8EB8493-8406-4210-B611-271E17350DED}.Debug|x86.ActiveCfg = Debug|Any CPU
		{B8EB8493-8406-4210-B611-271E17350DED}.Debug|x86.Build.0 = Debug|Any CPU
		{B8EB8493-8406-4210-B611-271E17350DED}.Release|Any CPU.ActiveCfg = Release|Any CPU
		{B8EB8493-8406-4210-B611-271E17350DED}.Release|Any CPU.Build.0 = Release|Any CPU
		{B8EB8493-8406-4210-B611-271E17350DED}.Release|x64.ActiveCfg = Release|Any CPU
		{B8EB8493-8406-4210-B611-271E17350DED}.Release|x64.Build.0 = Release|Any CPU
		{B8EB8493-8406-4210-B611-271E17350DED}.Release|x86.ActiveCfg = Release|Any CPU
		{B8EB8493-8406-4210-B611-271E17350DED}.Release|x86.Build.0 = Release|Any CPU
		{90BD93D1-535F-48D2-A295-D33A7BE011E9}.Debug|Any CPU.ActiveCfg = Debug|Any CPU
		{90BD93D1-535F-48D2-A295-D33A7BE011E9}.Debug|Any CPU.Build.0 = Debug|Any CPU
		{90BD93D1-535F-48D2-A295-D33A7BE011E9}.Debug|x64.ActiveCfg = Debug|Any CPU
		{90BD93D1-535F-48D2-A295-D33A7BE011E9}.Debug|x64.Build.0 = Debug|Any CPU
		{90BD93D1-535F-48D2-A295-D33A7BE011E9}.Debug|x86.ActiveCfg = Debug|Any CPU
		{90BD93D1-535F-48D2-A295-D33A7BE011E9}.Debug|x86.Build.0 = Debug|Any CPU
		{90BD93D1-535F-48D2-A295-D33A7BE011E9}.Release|Any CPU.ActiveCfg = Release|Any CPU
		{90BD93D1-535F-48D2-A295-D33A7BE011E9}.Release|Any CPU.Build.0 = Release|Any CPU
		{90BD93D1-535F-48D2-A295-D33A7BE011E9}.Release|x64.ActiveCfg = Release|Any CPU
		{90BD93D1-535F-48D2-A295-D33A7BE011E9}.Release|x64.Build.0 = Release|Any CPU
		{90BD93D1-535F-48D2-A295-D33A7BE011E9}.Release|x86.ActiveCfg = Release|Any CPU
		{90BD93D1-535F-48D2-A295-D33A7BE011E9}.Release|x86.Build.0 = Release|Any CPU
		{85A90960-3C47-4545-978D-C5B6F01E5FC3}.Debug|Any CPU.ActiveCfg = Debug|Any CPU
		{85A90960-3C47-4545-978D-C5B6F01E5FC3}.Debug|Any CPU.Build.0 = Debug|Any CPU
		{85A90960-3C47-4545-978D-C5B6F01E5FC3}.Debug|x64.ActiveCfg = Debug|Any CPU
		{85A90960-3C47-4545-978D-C5B6F01E5FC3}.Debug|x64.Build.0 = Debug|Any CPU
		{85A90960-3C47-4545-978D-C5B6F01E5FC3}.Debug|x86.ActiveCfg = Debug|Any CPU
		{85A90960-3C47-4545-978D-C5B6F01E5FC3}.Debug|x86.Build.0 = Debug|Any CPU
		{85A90960-3C47-4545-978D-C5B6F01E5FC3}.Release|Any CPU.ActiveCfg = Release|Any CPU
		{85A90960-3C47-4545-978D-C5B6F01E5FC3}.Release|Any CPU.Build.0 = Release|Any CPU
		{85A90960-3C47-4545-978D-C5B6F01E5FC3}.Release|x64.ActiveCfg = Release|Any CPU
		{85A90960-3C47-4545-978D-C5B6F01E5FC3}.Release|x64.Build.0 = Release|Any CPU
		{85A90960-3C47-4545-978D-C5B6F01E5FC3}.Release|x86.ActiveCfg = Release|Any CPU
		{85A90960-3C47-4545-978D-C5B6F01E5FC3}.Release|x86.Build.0 = Release|Any CPU
	EndGlobalSection
	GlobalSection(SolutionProperties) = preSolution
		HideSolutionNode = FALSE
	EndGlobalSection
	GlobalSection(NestedProjects) = preSolution
		{538D28B5-9D5B-482C-A668-6648D5F96D67} = {827E0CD3-B72D-47B6-A68D-7590B98EB39B}
		{F717E80F-C209-4433-BA08-4F37143C7500} = {827E0CD3-B72D-47B6-A68D-7590B98EB39B}
		{B2D5F678-3542-4ADD-80BC-CA43CD03E127} = {827E0CD3-B72D-47B6-A68D-7590B98EB39B}
		{B8EB8493-8406-4210-B611-271E17350DED} = {827E0CD3-B72D-47B6-A68D-7590B98EB39B}
		{90BD93D1-535F-48D2-A295-D33A7BE011E9} = {0C88DD14-F956-CE84-757C-A364CCF449FC}
		{85A90960-3C47-4545-978D-C5B6F01E5FC3} = {827E0CD3-B72D-47B6-A68D-7590B98EB39B}
	EndGlobalSection
EndGlobal
